
Microsoft Visual Studio Solution File, Format Version 12.00
# Visual Studio Version 16
VisualStudioVersion = 16.0.31424.327
MinimumVisualStudioVersion = 10.0.40219.1
Project("{FAE04EC0-301F-11D3-BF4B-00C04F79EFBC}") = "WF", "WF\WF.csproj", "{528B83D0-F032-4B96-9132-1B249DE09A7B}"
EndProject
Project("{FAE04EC0-301F-11D3-BF4B-00C04F79EFBC}") = "ConsoleView", "ConsoleView\ConsoleView.csproj", "{F6F03844-1A8F-450D-97E0-50AA8D413EFA}"
EndProject
Project("{FAE04EC0-301F-11D3-BF4B-00C04F79EFBC}") = "Data", "Data\Data.csproj", "{19B00003-8B86-44ED-A3B2-153ECDF8CE59}"
EndProject
Global
	GlobalSection(SolutionConfigurationPlatforms) = preSolution
		Debug|Any CPU = Debug|Any CPU
		Release|Any CPU = Release|Any CPU
	EndGlobalSection
	GlobalSection(ProjectConfigurationPlatforms) = postSolution
		{528B83D0-F032-4B96-9132-1B249DE09A7B}.Debug|Any CPU.ActiveCfg = Debug|Any CPU
		{528B83D0-F032-4B96-9132-1B249DE09A7B}.Debug|Any CPU.Build.0 = Debug|Any CPU
		{528B83D0-F032-4B96-9132-1B249DE09A7B}.Release|Any CPU.ActiveCfg = Release|Any CPU
		{528B83D0-F032-4B96-9132-1B249DE09A7B}.Release|Any CPU.Build.0 = Release|Any CPU
		{F6F03844-1A8F-450D-97E0-50AA8D413EFA}.Debug|Any CPU.ActiveCfg = Debug|Any CPU
		{F6F03844-1A8F-450D-97E0-50AA8D413EFA}.Debug|Any CPU.Build.0 = Debug|Any CPU
		{F6F03844-1A8F-450D-97E0-50AA8D413EFA}.Release|Any CPU.ActiveCfg = Release|Any CPU
		{F6F03844-1A8F-450D-97E0-50AA8D413EFA}.Release|Any CPU.Build.0 = Release|Any CPU
		{19B00003-8B86-44ED-A3B2-153ECDF8CE59}.Debug|Any CPU.ActiveCfg = Debug|Any CPU
		{19B00003-8B86-44ED-A3B2-153ECDF8CE59}.Debug|Any CPU.Build.0 = Debug|Any CPU
		{19B00003-8B86-44ED-A3B2-153ECDF8CE59}.Release|Any CPU.ActiveCfg = Release|Any CPU
		{19B00003-8B86-44ED-A3B2-153ECDF8CE59}.Release|Any CPU.Build.0 = Release|Any CPU
	EndGlobalSection
	GlobalSection(SolutionProperties) = preSolution
		HideSolutionNode = FALSE
	EndGlobalSection
	GlobalSection(ExtensibilityGlobals) = postSolution
		SolutionGuid = {6B2DB6A0-5AF5-428E-8EFC-27E497A0A755}
	EndGlobalSection
EndGlobal
