
Microsoft Visual Studio Solution File, Format Version 12.00
# Visual Studio Version 16
VisualStudioVersion = 16.0.31424.327
MinimumVisualStudioVersion = 10.0.40219.1
Project("{FAE04EC0-301F-11D3-BF4B-00C04F79EFBC}") = "Data", "Data\Data.csproj", "{78F60E7C-A6BF-4020-B2FB-F7E2B62EECF7}"
EndProject
Project("{FAE04EC0-301F-11D3-BF4B-00C04F79EFBC}") = "ViewConsole", "ViewConsole\ViewConsole.csproj", "{E8CEDAFF-6778-4D42-A02C-280B04322D00}"
EndProject
Global
	GlobalSection(SolutionConfigurationPlatforms) = preSolution
		Debug|Any CPU = Debug|Any CPU
		Release|Any CPU = Release|Any CPU
	EndGlobalSection
	GlobalSection(ProjectConfigurationPlatforms) = postSolution
		{78F60E7C-A6BF-4020-B2FB-F7E2B62EECF7}.Debug|Any CPU.ActiveCfg = Debug|Any CPU
		{78F60E7C-A6BF-4020-B2FB-F7E2B62EECF7}.Debug|Any CPU.Build.0 = Debug|Any CPU
		{78F60E7C-A6BF-4020-B2FB-F7E2B62EECF7}.Release|Any CPU.ActiveCfg = Release|Any CPU
		{78F60E7C-A6BF-4020-B2FB-F7E2B62EECF7}.Release|Any CPU.Build.0 = Release|Any CPU
		{E8CEDAFF-6778-4D42-A02C-280B04322D00}.Debug|Any CPU.ActiveCfg = Debug|Any CPU
		{E8CEDAFF-6778-4D42-A02C-280B04322D00}.Debug|Any CPU.Build.0 = Debug|Any CPU
		{E8CEDAFF-6778-4D42-A02C-280B04322D00}.Release|Any CPU.ActiveCfg = Release|Any CPU
		{E8CEDAFF-6778-4D42-A02C-280B04322D00}.Release|Any CPU.Build.0 = Release|Any CPU
	EndGlobalSection
	GlobalSection(SolutionProperties) = preSolution
		HideSolutionNode = FALSE
	EndGlobalSection
	GlobalSection(ExtensibilityGlobals) = postSolution
		SolutionGuid = {01114D05-BAF5-4867-AD00-E890555F26D0}
	EndGlobalSection
EndGlobal
