
Microsoft Visual Studio Solution File, Format Version 12.00
# Visual Studio Version 16
VisualStudioVersion = 16.0.31424.327
MinimumVisualStudioVersion = 10.0.40219.1
Project("{FAE04EC0-301F-11D3-BF4B-00C04F79EFBC}") = "Dojo11", "Dojo11\Dojo11.csproj", "{46586B0E-DC73-4CA2-AB85-894A8204157B}"
EndProject
Project("{FAE04EC0-301F-11D3-BF4B-00C04F79EFBC}") = "WebAPP", "WebAPP\WebAPP.csproj", "{B25A610A-CB37-484C-8ABF-15D6C8D444B5}"
EndProject
Project("{FAE04EC0-301F-11D3-BF4B-00C04F79EFBC}") = "WFADojo11", "WFADojo11\WFADojo11.csproj", "{F12B12C0-4102-42A9-B6C0-45D4D9FBE958}"
EndProject
Global
	GlobalSection(SolutionConfigurationPlatforms) = preSolution
		Debug|Any CPU = Debug|Any CPU
		Release|Any CPU = Release|Any CPU
	EndGlobalSection
	GlobalSection(ProjectConfigurationPlatforms) = postSolution
		{46586B0E-DC73-4CA2-AB85-894A8204157B}.Debug|Any CPU.ActiveCfg = Debug|Any CPU
		{46586B0E-DC73-4CA2-AB85-894A8204157B}.Debug|Any CPU.Build.0 = Debug|Any CPU
		{46586B0E-DC73-4CA2-AB85-894A8204157B}.Release|Any CPU.ActiveCfg = Release|Any CPU
		{46586B0E-DC73-4CA2-AB85-894A8204157B}.Release|Any CPU.Build.0 = Release|Any CPU
		{B25A610A-CB37-484C-8ABF-15D6C8D444B5}.Debug|Any CPU.ActiveCfg = Debug|Any CPU
		{B25A610A-CB37-484C-8ABF-15D6C8D444B5}.Debug|Any CPU.Build.0 = Debug|Any CPU
		{B25A610A-CB37-484C-8ABF-15D6C8D444B5}.Release|Any CPU.ActiveCfg = Release|Any CPU
		{B25A610A-CB37-484C-8ABF-15D6C8D444B5}.Release|Any CPU.Build.0 = Release|Any CPU
		{F12B12C0-4102-42A9-B6C0-45D4D9FBE958}.Debug|Any CPU.ActiveCfg = Debug|Any CPU
		{F12B12C0-4102-42A9-B6C0-45D4D9FBE958}.Debug|Any CPU.Build.0 = Debug|Any CPU
		{F12B12C0-4102-42A9-B6C0-45D4D9FBE958}.Release|Any CPU.ActiveCfg = Release|Any CPU
		{F12B12C0-4102-42A9-B6C0-45D4D9FBE958}.Release|Any CPU.Build.0 = Release|Any CPU
	EndGlobalSection
	GlobalSection(SolutionProperties) = preSolution
		HideSolutionNode = FALSE
	EndGlobalSection
	GlobalSection(ExtensibilityGlobals) = postSolution
		SolutionGuid = {2D00AB4B-CB6B-4906-82FB-14B107A28AC0}
	EndGlobalSection
EndGlobal
