
Microsoft Visual Studio Solution File, Format Version 12.00
# Visual Studio Version 16
VisualStudioVersion = 16.0.31424.327
MinimumVisualStudioVersion = 10.0.40219.1
Project("{FAE04EC0-301F-11D3-BF4B-00C04F79EFBC}") = "Dojo11", "Dojo11\Dojo11.csproj", "{46586B0E-DC73-4CA2-AB85-894A8204157B}"
EndProject
Global
	GlobalSection(SolutionConfigurationPlatforms) = preSolution
		Debug|Any CPU = Debug|Any CPU
		Release|Any CPU = Release|Any CPU
	EndGlobalSection
	GlobalSection(ProjectConfigurationPlatforms) = postSolution
		{46586B0E-DC73-4CA2-AB85-894A8204157B}.Debug|Any CPU.ActiveCfg = Debug|Any CPU
		{46586B0E-DC73-4CA2-AB85-894A8204157B}.Debug|Any CPU.Build.0 = Debug|Any CPU
		{46586B0E-DC73-4CA2-AB85-894A8204157B}.Release|Any CPU.ActiveCfg = Release|Any CPU
		{46586B0E-DC73-4CA2-AB85-894A8204157B}.Release|Any CPU.Build.0 = Release|Any CPU
	EndGlobalSection
	GlobalSection(SolutionProperties) = preSolution
		HideSolutionNode = FALSE
	EndGlobalSection
	GlobalSection(ExtensibilityGlobals) = postSolution
		SolutionGuid = {2D00AB4B-CB6B-4906-82FB-14B107A28AC0}
	EndGlobalSection
EndGlobal
